
Microsoft Visual Studio Solution File, Format Version 12.00
# Visual Studio Version 16
VisualStudioVersion = 16.0.28803.202
MinimumVisualStudioVersion = 10.0.40219.1
Project("{FAE04EC0-301F-11D3-BF4B-00C04F79EFBC}") = "MyFirstAjax", "MyFirstAjax\MyFirstAjax.csproj", "{EE8BE667-9677-4BA4-B82E-C8F424F36521}"
EndProject
Global
	GlobalSection(SolutionConfigurationPlatforms) = preSolution
		Debug|Any CPU = Debug|Any CPU
		Release|Any CPU = Release|Any CPU
	EndGlobalSection
	GlobalSection(ProjectConfigurationPlatforms) = postSolution
		{EE8BE667-9677-4BA4-B82E-C8F424F36521}.Debug|Any CPU.ActiveCfg = Debug|Any CPU
		{EE8BE667-9677-4BA4-B82E-C8F424F36521}.Debug|Any CPU.Build.0 = Debug|Any CPU
		{EE8BE667-9677-4BA4-B82E-C8F424F36521}.Release|Any CPU.ActiveCfg = Release|Any CPU
		{EE8BE667-9677-4BA4-B82E-C8F424F36521}.Release|Any CPU.Build.0 = Release|Any CPU
	EndGlobalSection
	GlobalSection(SolutionProperties) = preSolution
		HideSolutionNode = FALSE
	EndGlobalSection
	GlobalSection(ExtensibilityGlobals) = postSolution
		SolutionGuid = {D78E0D47-17DD-48EA-B98E-21A434376E98}
	EndGlobalSection
EndGlobal
